{
  "name": "module-benchmark",
  "version": "1.0.0",
  "lockfileVersion": 1,
  "requires": true,
  "dependencies": {
    "bignumber.js": {
      "version": "9.0.1",
      "resolved": "https://registry.npmjs.org/bignumber.js/-/bignumber.js-9.0.1.tgz",
      "integrity": "sha512-IdZR9mh6ahOBv/hYGiXyVuyCetmGJhtYkqLBpTStdhEGjegpPlUawydyaF3pbIOFynJTpllEs+NP+CS9jKFLjA=="
    },
    "cbor": {
      "version": "5.2.0",
      "resolved": "https://registry.npmjs.org/cbor/-/cbor-5.2.0.tgz",
      "integrity": "sha512-5IMhi9e1QU76ppa5/ajP1BmMWZ2FHkhAhjeVKQ/EFCgYSEaeVaoGtL7cxJskf9oCCk+XjzaIdc3IuU/dbA/o2A==",
      "requires": {
        "bignumber.js": "^9.0.1",
        "nofilter": "^1.0.4"
      }
    },
    "commander": {
      "version": "4.1.1",
      "resolved": "https://registry.npmjs.org/commander/-/commander-4.1.1.tgz",
      "integrity": "sha512-NOKm8xhkzAjzFx8B2v5OAHT+u5pRQc2UCa2Vq9jYL/31o2wi9mxBA7LIFs3sV5VSC49z6pEhfbMULvShKj26WA=="
    },
    "fsevents": {
      "version": "2.1.3",
      "resolved": "https://registry.npmjs.org/fsevents/-/fsevents-2.1.3.tgz",
      "integrity": "sha512-Auw9a4AxqWpa9GUfj370BMPzzyncfBABW8Mab7BGWBYDj4Isgq+cDKtx0i6u9jcX9pQDnswsaaOTgTmA5pEjuQ==",
      "optional": true
    },
    "mime": {
      "version": "2.5.2",
      "resolved": "https://registry.npmjs.org/mime/-/mime-2.5.2.tgz",
      "integrity": "sha512-tqkh47FzKeCPD2PUiPB6pkbMzsCasjxAfC62/Wap5qrUWcb+sFasXUC5I3gYM5iBM8v/Qpn4UK0x+j0iHyFPDg=="
    },
    "nofilter": {
      "version": "1.0.4",
      "resolved": "https://registry.npmjs.org/nofilter/-/nofilter-1.0.4.tgz",
      "integrity": "sha512-N8lidFp+fCz+TD51+haYdbDGrcBWwuHX40F5+z0qkUjMJ5Tp+rdSuAkMJ9N9eoolDlEVTf6u5icM+cNKkKW2mA=="
    },
    "rollup": {
      "version": "2.35.1",
      "resolved": "https://registry.npmjs.org/rollup/-/rollup-2.35.1.tgz",
      "integrity": "sha512-q5KxEyWpprAIcainhVy6HfRttD9kutQpHbeqDTWnqAFNJotiojetK6uqmcydNMymBEtC4I8bCYR+J3mTMqeaUA==",
      "requires": {
        "fsevents": "~2.1.2"
      }
    },
    "wbn": {
      "version": "0.0.5",
      "resolved": "https://registry.npmjs.org/wbn/-/wbn-0.0.5.tgz",
      "integrity": "sha512-ffB8V6WDcArtyerbCROAQgAb5RQWXgAW4sVLA2EzUjJYWnIh2fMDQuouXBZ5in4uN4WosfRS6InsGGzxNCSfrQ==",
      "requires": {
        "cbor": "^5.0.1",
        "commander": "^4.0.1",
        "mime": "^2.4.4"
      }
    }
  }
}
